github.com/fsnotify/fsnotify v1.4.9/go.mod h1:znqG4EE+3YCdAaPaxE2ZRY/06pZUdp0tY4IgpuI1SZQ=
github.com/gobwas/glob v0.2.3/go.mod h1:d3Ez4x06l9bZtSvzIay5+Yzi0fmZzPgnTbPcKjJAkT8=
github.com/golang/freetype v0.0.0-20170609003504-e2365dfdc4a0/go.mod h1:E/TSTwGwJL78qG/PmXZO1EjYhfJinVAhrmmHX6Z8B9k=
github.com/gorilla/websocket v1.4.2/go.mod h1:YR8l580nyteQvAITg2hZ9XVh4b55+EU/adAjf1fMHhE=
github.com/lachee/noodle v0.0.0-20200626153313-d5ea7944c387 h1:ba+bOEJ/uqOiXdyDZGZTFnVW61yDlMEBT0IglT73OYY=
github.com/lachee/noodle v0.0.0-20200626153313-d5ea7944c387/go.mod h1:jAC4u1oQmvu2ebCxST9abbrWo04IDRDPWCLHbGoJ0dc=
github.com/lachee/noodle v0.0.0-20210629140730-fc2f626c662c h1:mTNW+SFu4yf98Eel8EE+la1dndQEvUvZ2oiJK8Jt2Xw=
github.com/lachee/noodle v0.0.0-20210629140730-fc2f626c662c/go.mod h1:C51O3zyzBtbm0YNES+K1WGWPzvx/OfAlBCGgRZuWdGA=
github.com/lachee/noodle v0.0.0-20210629150430-eb04621ec671 h1:esvtg3FWCAjLw4MLFw4uClPgFiy3CTXDzWfgOOQiNDg=
github.com/lachee/noodle v0.0.0-20210629150430-eb04621ec671/go.mod h1:C51O3zyzBtbm0YNES+K1WGWPzvx/OfAlBCGgRZuWdGA=
github.com/lachee/noodle v0.0.0-20210630031219-98d513532117 h1:b3uFq3Nf4IPNSzoEUaLzf6x16Hli8dQU5TmBJlTOkCk=
github.com/lachee/noodle v0.0.0-20210630031219-98d513532117/go.mod h1:C51O3zyzBtbm0YNES+K1WGWPzvx/OfAlBCGgRZuWdGA=
github.com/lachee/noodle v0.0.0-20210703072056-171848e55043 h1:Qi0qHxzFPd4eeVAIN4oKKlguGNvqZMXmPuRJWH2gTVc=
github.com/lachee/noodle v0.0.0-20210703072056-171848e55043/go.mod h1:C51O3zyzBtbm0YNES+K1WGWPzvx/OfAlBCGgRZuWdGA=
github.com/lachee/noodle v0.0.0-20210703072819-7a5cf3c7c267 h1:+d3a/UGB/68RXjCskceFWDaZQcrsePbNK3ZNBw2WZ/o=
github.com/lachee/noodle v0.0.0-20210703072819-7a5cf3c7c267/go.mod h1:C51O3zyzBtbm0YNES+K1WGWPzvx/OfAlBCGgRZuWdGA=
github.com/lachee/noodle v0.0.0-20210704044013-858ce56a2829 h1:fLOSjC1rhRxKEsc+ux272DPWI66iJbnWYYY8AqhJLIM=
github.com/lachee/noodle v0.0.0-20210704044013-858ce56a2829/go.mod h1:C51O3zyzBtbm0YNES+K1WGWPzvx/OfAlBCGgRZuWdGA=
github.com/lachee/noodle v0.0.0-20210704061456-c7074c770d27 h1:BclrrsrQUbEL8l+2LKIceJBKXtOs620jjZi0VEUmkpk=
github.com/lachee/noodle v0.0.0-20210704061456-c7074c770d27/go.mod h1:C51O3zyzBtbm0YNES+K1WGWPzvx/OfAlBCGgRZuWdGA=
github.com/lachee/noodle v0.0.0-20210704062618-f1d69625b1ea h1:ua09o0utYMHNrTVdqgZ7tuxxe8v4oViiexM59zGPcys=
github.com/lachee/noodle v0.0.0-20210704062618-f1d69625b1ea/go.mod h1:C51O3zyzBtbm0YNES+K1WGWPzvx/OfAlBCGgRZuWdGA=
github.com/lachee/noodle v0.0.0-20210704063537-404e6a1cb800 h1:oFO3MGSAjMXlo6sRd0ItIolCcbC1RLBjq8Ekp6lOpiI=
github.com/lachee/noodle v0.0.0-20210704063537-404e6a1cb800/go.mod h1:C51O3zyzBtbm0YNES+K1WGWPzvx/OfAlBCGgRZuWdGA=
github.com/lachee/noodle v0.0.0-20210704092006-3033810f95c2 h1:qnajQjfHi43duSJnLX/lTwnn012hRR2mXrvHH3GwG6Q=
github.com/lachee/noodle v0.0.0-20210704092006-3033810f95c2/go.mod h1:C51O3zyzBtbm0YNES+K1WGWPzvx/OfAlBCGgRZuWdGA=
github.com/lachee/noodle v0.0.0-20210704142043-2a6908e26a66 h1:IvCk3/5nb6H5bIRFfWAc7I3Kd6dkiSqiaMqkdPKu7yI=
github.com/lachee/noodle v0.0.0-20210704142043-2a6908e26a66/go.mod h1:C51O3zyzBtbm0YNES+K1WGWPzvx/OfAlBCGgRZuWdGA=
github.com/lachee/noodle v0.0.0-20210705050557-090329d0eb54 h1:kxmw06b4T5boS+0sEGT5oSvFvrKw2MpC+oDkjsYbQAc=
github.com/lachee/noodle v0.0.0-20210705050557-090329d0eb54/go.mod h1:C51O3zyzBtbm0YNES+K1WGWPzvx/OfAlBCGgRZuWdGA=
github.com/lachee/noodle v0.0.0-20210705050801-8f82ecc35910 h1:ZQgH5IQpRHu/TjOfXkBQyW6JDeZpy6AKKN0B6W9zDaM=
github.com/lachee/noodle v0.0.0-20210705050801-8f82ecc35910/go.mod h1:C51O3zyzBtbm0YNES+K1WGWPzvx/OfAlBCGgRZuWdGA=
github.com/lachee/noodle v0.0.0-20210705051130-c845556f51b4 h1:yn/psxCu/km9goRP7fBdYhYLvmAZT+eP/LkQSupvMQc=
github.com/lachee/noodle v0.0.0-20210705051130-c845556f51b4/go.mod h1:C51O3zyzBtbm0YNES+K1WGWPzvx/OfAlBCGgRZuWdGA=
github.com/lachee/noodle v0.0.0-20210705051351-991207350c61 h1:w04tSt7TuThxNK2oYK7y4U6YMFGib1phOJudHSA/j10=
github.com/lachee/noodle v0.0.0-20210705051351-991207350c61/go.mod h1:C51O3zyzBtbm0YNES+K1WGWPzvx/OfAlBCGgRZuWdGA=
github.com/lachee/noodle v0.0.0-20210705051652-a6b54022c876 h1:dDGDbv6NSBRMfRP3x+0ZKjzuj27gOmD+PIffuOQXGf8=
github.com/lachee/noodle v0.0.0-20210705051652-a6b54022c876/go.mod h1:C51O3zyzBtbm0YNES+K1WGWPzvx/OfAlBCGgRZuWdGA=
github.com/lachee/noodle v0.0.0-20210705131622-90ffcc4095c7 h1:BSvqoGl4J7hn+a2kJ1T3hEW/R7qG2rpsNTrzNfeUqnY=
github.com/lachee/noodle v0.0.0-20210705131622-90ffcc4095c7/go.mod h1:C51O3zyzBtbm0YNES+K1WGWPzvx/OfAlBCGgRZuWdGA=
github.com/lachee/noodle v0.0.0-20210706083242-79c43b845f49 h1:iaYj7M86+B2a8phqGkK3m+h979T94EcE42B5vM0AyTA=
github.com/lachee/noodle v0.0.0-20210706083242-79c43b845f49/go.mod h1:C51O3zyzBtbm0YNES+K1WGWPzvx/OfAlBCGgRZuWdGA=
golang.org/x/image v0.0.0-20210504121937-7319ad40d33e/go.mod h1:FeLwcggjj3mMvU+oOTbSwawSJRM1uh48EjtB4UJZlP0=
golang.org/x/image v0.0.0-20210628002857-a66eb6448b8d h1:RNPAfi2nHY7C2srAV8A49jpsYr0ADedCk1wq6fTMTvs=
golang.org/x/image v0.0.0-20210628002857-a66eb6448b8d/go.mod h1:023OzeP/+EPmXeapQh35lcL3II3LrY8Ic+EFFKVhULM=
golang.org/x/sys v0.0.0-20191005200804-aed5e4c7ecf9/go.mod h1:h1NjWce9XRLGQEsW7wpKNCjG9DtNlClVuFLEZdDNbEs=
golang.org/x/text v0.3.0/go.mod h1:NqM8EUOU14njkJ3fqMW+pc6Ldnwhi/IjpwHt7yyuwOQ=
golang.org/x/text v0.3.6/go.mod h1:5Zoc/QRtKVWzQhOtBMvqHzDpF6irO9z98xDceosuGiQ=
golang.org/x/tools v0.0.0-20180917221912-90fa682c2a6e/go.mod h1:n7NCudcB/nEzxVGmLbDWY5pfWTLqBcC2KZ6jyYvM4mQ=
